// !$*UTF8*$!
{
	archiveVersion = 1;
	classes = {
	};
	objectVersion = 55;
	objects = {

/* Begin PBXBuildFile section */
		5E40734B28635B97005F0270 /* APIClient.swift in Sources */ = {isa = PBXBuildFile; fileRef = 5E40734A28635B97005F0270 /* APIClient.swift */; };
		5E40734D28635BB6005F0270 /* Closures.swift in Sources */ = {isa = PBXBuildFile; fileRef = 5E40734C28635BB6005F0270 /* Closures.swift */; };
		5E40735128635BE9005F0270 /* Lorem.swift in Sources */ = {isa = PBXBuildFile; fileRef = 5E40735028635BE9005F0270 /* Lorem.swift */; };
		5E40735428635C85005F0270 /* APIClient+Lorems.swift in Sources */ = {isa = PBXBuildFile; fileRef = 5E40735228635C85005F0270 /* APIClient+Lorems.swift */; };
		5E40735528635C85005F0270 /* LoremsAPI.swift in Sources */ = {isa = PBXBuildFile; fileRef = 5E40735328635C85005F0270 /* LoremsAPI.swift */; };
		5E40735E28635E49005F0270 /* LoremList.storyboard in Resources */ = {isa = PBXBuildFile; fileRef = 5E40735A28635E49005F0270 /* LoremList.storyboard */; };
		5E40735F28635E49005F0270 /* LoremListViewModelProtocol.swift in Sources */ = {isa = PBXBuildFile; fileRef = 5E40735B28635E49005F0270 /* LoremListViewModelProtocol.swift */; };
		5E40736028635E49005F0270 /* LoremListController.swift in Sources */ = {isa = PBXBuildFile; fileRef = 5E40735C28635E49005F0270 /* LoremListController.swift */; };
		5E40736128635E49005F0270 /* LoremListViewModel.swift in Sources */ = {isa = PBXBuildFile; fileRef = 5E40735D28635E49005F0270 /* LoremListViewModel.swift */; };
		5E40736628635EEC005F0270 /* LoremCellViewModel.swift in Sources */ = {isa = PBXBuildFile; fileRef = 5E40736228635EEC005F0270 /* LoremCellViewModel.swift */; };
		5E40736728635EEC005F0270 /* LoremCell.swift in Sources */ = {isa = PBXBuildFile; fileRef = 5E40736328635EEC005F0270 /* LoremCell.swift */; };
		5E40736828635EEC005F0270 /* LoremCellViewModelProtocol.swift in Sources */ = {isa = PBXBuildFile; fileRef = 5E40736428635EEC005F0270 /* LoremCellViewModelProtocol.swift */; };
		5E40736928635EEC005F0270 /* LoremCell.xib in Resources */ = {isa = PBXBuildFile; fileRef = 5E40736528635EEC005F0270 /* LoremCell.xib */; };
		5E40736E28636287005F0270 /* LoremDetails.storyboard in Resources */ = {isa = PBXBuildFile; fileRef = 5E40736A28636287005F0270 /* LoremDetails.storyboard */; };
		5E40736F28636287005F0270 /* LoremDetailsViewModelProtocol.swift in Sources */ = {isa = PBXBuildFile; fileRef = 5E40736B28636287005F0270 /* LoremDetailsViewModelProtocol.swift */; };
		5E40737028636287005F0270 /* LoremDetailsController.swift in Sources */ = {isa = PBXBuildFile; fileRef = 5E40736C28636287005F0270 /* LoremDetailsController.swift */; };
		5E40737128636287005F0270 /* LoremDetailsViewModel.swift in Sources */ = {isa = PBXBuildFile; fileRef = 5E40736D28636287005F0270 /* LoremDetailsViewModel.swift */; };
		5E40737A28636C23005F0270 /* LoremsTests_200.json in Resources */ = {isa = PBXBuildFile; fileRef = 5E40737828636C23005F0270 /* LoremsTests_200.json */; };
		5E40737B28636C23005F0270 /* LoremsTests.swift in Sources */ = {isa = PBXBuildFile; fileRef = 5E40737928636C23005F0270 /* LoremsTests.swift */; };
		5EE9D2BA2863596E000D382F /* AppDelegate.swift in Sources */ = {isa = PBXBuildFile; fileRef = 5EE9D2B92863596E000D382F /* AppDelegate.swift */; };
		5EE9D2C32863596F000D382F /* Assets.xcassets in Resources */ = {isa = PBXBuildFile; fileRef = 5EE9D2C22863596F000D382F /* Assets.xcassets */; };
		5EE9D2C62863596F000D382F /* LaunchScreen.storyboard in Resources */ = {isa = PBXBuildFile; fileRef = 5EE9D2C42863596F000D382F /* LaunchScreen.storyboard */; };
		5EE9D2D12863596F000D382F /* CatchTestTests.swift in Sources */ = {isa = PBXBuildFile; fileRef = 5EE9D2D02863596F000D382F /* CatchTestTests.swift */; };
		5EE9D2DB2863596F000D382F /* CatchTestUITests.swift in Sources */ = {isa = PBXBuildFile; fileRef = 5EE9D2DA2863596F000D382F /* CatchTestUITests.swift */; };
		5EE9D2DD2863596F000D382F /* CatchTestUITestsLaunchTests.swift in Sources */ = {isa = PBXBuildFile; fileRef = 5EE9D2DC2863596F000D382F /* CatchTestUITestsLaunchTests.swift */; };
		5EFBA8A9286394A8002E4EFC /* CatchRefreshView.xib in Resources */ = {isa = PBXBuildFile; fileRef = 5EFBA8A8286394A8002E4EFC /* CatchRefreshView.xib */; };
		5EFBA8B32863A0AE002E4EFC /* MockLoremsAPI.swift in Sources */ = {isa = PBXBuildFile; fileRef = 5EFBA8B22863A0AE002E4EFC /* MockLoremsAPI.swift */; };
		5EFBA8B82863A19C002E4EFC /* MockLoremsService.swift in Sources */ = {isa = PBXBuildFile; fileRef = 5EFBA8B62863A19C002E4EFC /* MockLoremsService.swift */; };
		5EFBA8B92863A19C002E4EFC /* LoremsServiceTests.swift in Sources */ = {isa = PBXBuildFile; fileRef = 5EFBA8B72863A19C002E4EFC /* LoremsServiceTests.swift */; };
		5EFBA8BC2863A1ED002E4EFC /* LoremsService.swift in Sources */ = {isa = PBXBuildFile; fileRef = 5EFBA8BA2863A1ED002E4EFC /* LoremsService.swift */; };
		5EFBA8BD2863A1ED002E4EFC /* LoremsServiceProtocol.swift in Sources */ = {isa = PBXBuildFile; fileRef = 5EFBA8BB2863A1ED002E4EFC /* LoremsServiceProtocol.swift */; };
		6E4C0AFEEA6D594C35400C9E /* libPods-CatchTestTests.a in Frameworks */ = {isa = PBXBuildFile; fileRef = 31C599EF943BD927C1D0E3EE /* libPods-CatchTestTests.a */; };
		C2C4732D88B99FAF10C7DCA6 /* libPods-CatchTestUITests.a in Frameworks */ = {isa = PBXBuildFile; fileRef = 5C5DCCC86D7E08297EC1BF23 /* libPods-CatchTestUITests.a */; };
		D212E08B0718149E403F80E4 /* libPods-CatchTest.a in Frameworks */ = {isa = PBXBuildFile; fileRef = D159B033C58183F23B76AD8F /* libPods-CatchTest.a */; };
/* End PBXBuildFile section */

/* Begin PBXContainerItemProxy section */
		5EE9D2CD2863596F000D382F /* PBXContainerItemProxy */ = {
			isa = PBXContainerItemProxy;
			containerPortal = 5EE9D2AE2863596D000D382F /* Project object */;
			proxyType = 1;
			remoteGlobalIDString = 5EE9D2B52863596E000D382F;
			remoteInfo = CatchTest;
		};
		5EE9D2D72863596F000D382F /* PBXContainerItemProxy */ = {
			isa = PBXContainerItemProxy;
			containerPortal = 5EE9D2AE2863596D000D382F /* Project object */;
			proxyType = 1;
			remoteGlobalIDString = 5EE9D2B52863596E000D382F;
			remoteInfo = CatchTest;
		};
/* End PBXContainerItemProxy section */

/* Begin PBXFileReference section */
		31C599EF943BD927C1D0E3EE /* libPods-CatchTestTests.a */ = {isa = PBXFileReference; explicitFileType = archive.ar; includeInIndex = 0; path = "libPods-CatchTestTests.a"; sourceTree = BUILT_PRODUCTS_DIR; };
		37560B1722C0C70B5285DF1A /* Pods-CatchTestUITests.release.xcconfig */ = {isa = PBXFileReference; includeInIndex = 1; lastKnownFileType = text.xcconfig; name = "Pods-CatchTestUITests.release.xcconfig"; path = "Target Support Files/Pods-CatchTestUITests/Pods-CatchTestUITests.release.xcconfig"; sourceTree = "<group>"; };
		5C5DCCC86D7E08297EC1BF23 /* libPods-CatchTestUITests.a */ = {isa = PBXFileReference; explicitFileType = archive.ar; includeInIndex = 0; path = "libPods-CatchTestUITests.a"; sourceTree = BUILT_PRODUCTS_DIR; };
		5E40734A28635B97005F0270 /* APIClient.swift */ = {isa = PBXFileReference; lastKnownFileType = sourcecode.swift; path = APIClient.swift; sourceTree = "<group>"; };
		5E40734C28635BB6005F0270 /* Closures.swift */ = {isa = PBXFileReference; lastKnownFileType = sourcecode.swift; path = Closures.swift; sourceTree = "<group>"; };
		5E40735028635BE9005F0270 /* Lorem.swift */ = {isa = PBXFileReference; lastKnownFileType = sourcecode.swift; path = Lorem.swift; sourceTree = "<group>"; };
		5E40735228635C85005F0270 /* APIClient+Lorems.swift */ = {isa = PBXFileReference; lastKnownFileType = sourcecode.swift; path = "APIClient+Lorems.swift"; sourceTree = "<group>"; };
		5E40735328635C85005F0270 /* LoremsAPI.swift */ = {isa = PBXFileReference; lastKnownFileType = sourcecode.swift; path = LoremsAPI.swift; sourceTree = "<group>"; };
		5E40735A28635E49005F0270 /* LoremList.storyboard */ = {isa = PBXFileReference; lastKnownFileType = file.storyboard; path = LoremList.storyboard; sourceTree = "<group>"; };
		5E40735B28635E49005F0270 /* LoremListViewModelProtocol.swift */ = {isa = PBXFileReference; lastKnownFileType = sourcecode.swift; path = LoremListViewModelProtocol.swift; sourceTree = "<group>"; };
		5E40735C28635E49005F0270 /* LoremListController.swift */ = {isa = PBXFileReference; lastKnownFileType = sourcecode.swift; path = LoremListController.swift; sourceTree = "<group>"; };
		5E40735D28635E49005F0270 /* LoremListViewModel.swift */ = {isa = PBXFileReference; lastKnownFileType = sourcecode.swift; path = LoremListViewModel.swift; sourceTree = "<group>"; };
		5E40736228635EEC005F0270 /* LoremCellViewModel.swift */ = {isa = PBXFileReference; lastKnownFileType = sourcecode.swift; path = LoremCellViewModel.swift; sourceTree = "<group>"; };
		5E40736328635EEC005F0270 /* LoremCell.swift */ = {isa = PBXFileReference; lastKnownFileType = sourcecode.swift; path = LoremCell.swift; sourceTree = "<group>"; };
		5E40736428635EEC005F0270 /* LoremCellViewModelProtocol.swift */ = {isa = PBXFileReference; lastKnownFileType = sourcecode.swift; path = LoremCellViewModelProtocol.swift; sourceTree = "<group>"; };
		5E40736528635EEC005F0270 /* LoremCell.xib */ = {isa = PBXFileReference; lastKnownFileType = file.xib; path = LoremCell.xib; sourceTree = "<group>"; };
		5E40736A28636287005F0270 /* LoremDetails.storyboard */ = {isa = PBXFileReference; lastKnownFileType = file.storyboard; path = LoremDetails.storyboard; sourceTree = "<group>"; };
		5E40736B28636287005F0270 /* LoremDetailsViewModelProtocol.swift */ = {isa = PBXFileReference; lastKnownFileType = sourcecode.swift; path = LoremDetailsViewModelProtocol.swift; sourceTree = "<group>"; };
		5E40736C28636287005F0270 /* LoremDetailsController.swift */ = {isa = PBXFileReference; lastKnownFileType = sourcecode.swift; path = LoremDetailsController.swift; sourceTree = "<group>"; };
		5E40736D28636287005F0270 /* LoremDetailsViewModel.swift */ = {isa = PBXFileReference; lastKnownFileType = sourcecode.swift; path = LoremDetailsViewModel.swift; sourceTree = "<group>"; };
		5E40737828636C23005F0270 /* LoremsTests_200.json */ = {isa = PBXFileReference; lastKnownFileType = text.json; path = LoremsTests_200.json; sourceTree = "<group>"; };
		5E40737928636C23005F0270 /* LoremsTests.swift */ = {isa = PBXFileReference; lastKnownFileType = sourcecode.swift; path = LoremsTests.swift; sourceTree = "<group>"; };
		5EE9D2B62863596E000D382F /* CatchTest.app */ = {isa = PBXFileReference; explicitFileType = wrapper.application; includeInIndex = 0; path = CatchTest.app; sourceTree = BUILT_PRODUCTS_DIR; };
		5EE9D2B92863596E000D382F /* AppDelegate.swift */ = {isa = PBXFileReference; lastKnownFileType = sourcecode.swift; path = AppDelegate.swift; sourceTree = "<group>"; };
		5EE9D2C22863596F000D382F /* Assets.xcassets */ = {isa = PBXFileReference; lastKnownFileType = folder.assetcatalog; path = Assets.xcassets; sourceTree = "<group>"; };
		5EE9D2C52863596F000D382F /* Base */ = {isa = PBXFileReference; lastKnownFileType = file.storyboard; name = Base; path = Base.lproj/LaunchScreen.storyboard; sourceTree = "<group>"; };
		5EE9D2C72863596F000D382F /* Info.plist */ = {isa = PBXFileReference; lastKnownFileType = text.plist.xml; path = Info.plist; sourceTree = "<group>"; };
		5EE9D2CC2863596F000D382F /* CatchTestTests.xctest */ = {isa = PBXFileReference; explicitFileType = wrapper.cfbundle; includeInIndex = 0; path = CatchTestTests.xctest; sourceTree = BUILT_PRODUCTS_DIR; };
		5EE9D2D02863596F000D382F /* CatchTestTests.swift */ = {isa = PBXFileReference; lastKnownFileType = sourcecode.swift; path = CatchTestTests.swift; sourceTree = "<group>"; };
		5EE9D2D62863596F000D382F /* CatchTestUITests.xctest */ = {isa = PBXFileReference; explicitFileType = wrapper.cfbundle; includeInIndex = 0; path = CatchTestUITests.xctest; sourceTree = BUILT_PRODUCTS_DIR; };
		5EE9D2DA2863596F000D382F /* CatchTestUITests.swift */ = {isa = PBXFileReference; lastKnownFileType = sourcecode.swift; path = CatchTestUITests.swift; sourceTree = "<group>"; };
		5EE9D2DC2863596F000D382F /* CatchTestUITestsLaunchTests.swift */ = {isa = PBXFileReference; lastKnownFileType = sourcecode.swift; path = CatchTestUITestsLaunchTests.swift; sourceTree = "<group>"; };
		5EFBA8A8286394A8002E4EFC /* CatchRefreshView.xib */ = {isa = PBXFileReference; lastKnownFileType = file.xib; path = CatchRefreshView.xib; sourceTree = "<group>"; };
		5EFBA8B22863A0AE002E4EFC /* MockLoremsAPI.swift */ = {isa = PBXFileReference; lastKnownFileType = sourcecode.swift; path = MockLoremsAPI.swift; sourceTree = "<group>"; };
		5EFBA8B62863A19C002E4EFC /* MockLoremsService.swift */ = {isa = PBXFileReference; lastKnownFileType = sourcecode.swift; path = MockLoremsService.swift; sourceTree = "<group>"; };
		5EFBA8B72863A19C002E4EFC /* LoremsServiceTests.swift */ = {isa = PBXFileReference; lastKnownFileType = sourcecode.swift; path = LoremsServiceTests.swift; sourceTree = "<group>"; };
		5EFBA8BA2863A1ED002E4EFC /* LoremsService.swift */ = {isa = PBXFileReference; lastKnownFileType = sourcecode.swift; path = LoremsService.swift; sourceTree = "<group>"; };
		5EFBA8BB2863A1ED002E4EFC /* LoremsServiceProtocol.swift */ = {isa = PBXFileReference; lastKnownFileType = sourcecode.swift; path = LoremsServiceProtocol.swift; sourceTree = "<group>"; };
		631F71800B10FFD878A3679A /* Pods-CatchTest.release.xcconfig */ = {isa = PBXFileReference; includeInIndex = 1; lastKnownFileType = text.xcconfig; name = "Pods-CatchTest.release.xcconfig"; path = "Target Support Files/Pods-CatchTest/Pods-CatchTest.release.xcconfig"; sourceTree = "<group>"; };
		79600C84EC70A228932B2C84 /* Pods-CatchTest.debug.xcconfig */ = {isa = PBXFileReference; includeInIndex = 1; lastKnownFileType = text.xcconfig; name = "Pods-CatchTest.debug.xcconfig"; path = "Target Support Files/Pods-CatchTest/Pods-CatchTest.debug.xcconfig"; sourceTree = "<group>"; };
		ADC2DE532449ACB94E66B176 /* Pods-CatchTestTests.release.xcconfig */ = {isa = PBXFileReference; includeInIndex = 1; lastKnownFileType = text.xcconfig; name = "Pods-CatchTestTests.release.xcconfig"; path = "Target Support Files/Pods-CatchTestTests/Pods-CatchTestTests.release.xcconfig"; sourceTree = "<group>"; };
		D159B033C58183F23B76AD8F /* libPods-CatchTest.a */ = {isa = PBXFileReference; explicitFileType = archive.ar; includeInIndex = 0; path = "libPods-CatchTest.a"; sourceTree = BUILT_PRODUCTS_DIR; };
		ED8DA2AC6BCC71FA1FEE36FC /* Pods-CatchTestTests.debug.xcconfig */ = {isa = PBXFileReference; includeInIndex = 1; lastKnownFileType = text.xcconfig; name = "Pods-CatchTestTests.debug.xcconfig"; path = "Target Support Files/Pods-CatchTestTests/Pods-CatchTestTests.debug.xcconfig"; sourceTree = "<group>"; };
		F60EFC654F1BDD9AA41EAF45 /* Pods-CatchTestUITests.debug.xcconfig */ = {isa = PBXFileReference; includeInIndex = 1; lastKnownFileType = text.xcconfig; name = "Pods-CatchTestUITests.debug.xcconfig"; path = "Target Support Files/Pods-CatchTestUITests/Pods-CatchTestUITests.debug.xcconfig"; sourceTree = "<group>"; };
/* End PBXFileReference section */

/* Begin PBXFrameworksBuildPhase section */
		5EE9D2B32863596E000D382F /* Frameworks */ = {
			isa = PBXFrameworksBuildPhase;
			buildActionMask = 2147483647;
			files = (
				D212E08B0718149E403F80E4 /* libPods-CatchTest.a in Frameworks */,
			);
			runOnlyForDeploymentPostprocessing = 0;
		};
		5EE9D2C92863596F000D382F /* Frameworks */ = {
			isa = PBXFrameworksBuildPhase;
			buildActionMask = 2147483647;
			files = (
				6E4C0AFEEA6D594C35400C9E /* libPods-CatchTestTests.a in Frameworks */,
			);
			runOnlyForDeploymentPostprocessing = 0;
		};
		5EE9D2D32863596F000D382F /* Frameworks */ = {
			isa = PBXFrameworksBuildPhase;
			buildActionMask = 2147483647;
			files = (
				C2C4732D88B99FAF10C7DCA6 /* libPods-CatchTestUITests.a in Frameworks */,
			);
			runOnlyForDeploymentPostprocessing = 0;
		};
/* End PBXFrameworksBuildPhase section */

/* Begin PBXGroup section */
		25BFF814274CF8E9102C3220 /* Frameworks */ = {
			isa = PBXGroup;
			children = (
				D159B033C58183F23B76AD8F /* libPods-CatchTest.a */,
				31C599EF943BD927C1D0E3EE /* libPods-CatchTestTests.a */,
				5C5DCCC86D7E08297EC1BF23 /* libPods-CatchTestUITests.a */,
			);
			name = Frameworks;
			sourceTree = "<group>";
		};
		40AC5310C26736BBC675BA75 /* Pods */ = {
			isa = PBXGroup;
			children = (
				79600C84EC70A228932B2C84 /* Pods-CatchTest.debug.xcconfig */,
				631F71800B10FFD878A3679A /* Pods-CatchTest.release.xcconfig */,
				ED8DA2AC6BCC71FA1FEE36FC /* Pods-CatchTestTests.debug.xcconfig */,
				ADC2DE532449ACB94E66B176 /* Pods-CatchTestTests.release.xcconfig */,
				F60EFC654F1BDD9AA41EAF45 /* Pods-CatchTestUITests.debug.xcconfig */,
				37560B1722C0C70B5285DF1A /* Pods-CatchTestUITests.release.xcconfig */,
			);
			path = Pods;
			sourceTree = "<group>";
		};
		5E40737228636BFD005F0270 /* Modules */ = {
			isa = PBXGroup;
			children = (
				5E40737328636BFD005F0270 /* Lorems */,
			);
			path = Modules;
			sourceTree = "<group>";
		};
		5E40737328636BFD005F0270 /* Lorems */ = {
			isa = PBXGroup;
			children = (
				5E40737428636BFD005F0270 /* Clients */,
				5EFBA8B42863A172002E4EFC /* Services */,
			);
			path = Lorems;
			sourceTree = "<group>";
		};
		5E40737428636BFD005F0270 /* Clients */ = {
			isa = PBXGroup;
			children = (
				5E40737528636BFD005F0270 /* API */,
			);
			path = Clients;
			sourceTree = "<group>";
		};
		5E40737528636BFD005F0270 /* API */ = {
			isa = PBXGroup;
			children = (
				5E40737628636BFD005F0270 /* Lorems */,
			);
			path = API;
			sourceTree = "<group>";
		};
		5E40737628636BFD005F0270 /* Lorems */ = {
			isa = PBXGroup;
			children = (
				5E40737728636BFD005F0270 /* GetLorems */,
				5EFBA8B22863A0AE002E4EFC /* MockLoremsAPI.swift */,
			);
			path = Lorems;
			sourceTree = "<group>";
		};
		5E40737728636BFD005F0270 /* GetLorems */ = {
			isa = PBXGroup;
			children = (
				5E40737828636C23005F0270 /* LoremsTests_200.json */,
				5E40737928636C23005F0270 /* LoremsTests.swift */,
			);
			path = GetLorems;
			sourceTree = "<group>";
		};
		5EE9D2AD2863596D000D382F = {
			isa = PBXGroup;
			children = (
				5EE9D2B82863596E000D382F /* CatchTest */,
				5EE9D2CF2863596F000D382F /* CatchTestTests */,
				5EE9D2D92863596F000D382F /* CatchTestUITests */,
				5EE9D2B72863596E000D382F /* Products */,
				40AC5310C26736BBC675BA75 /* Pods */,
				25BFF814274CF8E9102C3220 /* Frameworks */,
			);
			sourceTree = "<group>";
		};
		5EE9D2B72863596E000D382F /* Products */ = {
			isa = PBXGroup;
			children = (
				5EE9D2B62863596E000D382F /* CatchTest.app */,
				5EE9D2CC2863596F000D382F /* CatchTestTests.xctest */,
				5EE9D2D62863596F000D382F /* CatchTestUITests.xctest */,
			);
			name = Products;
			sourceTree = "<group>";
		};
		5EE9D2B82863596E000D382F /* CatchTest */ = {
			isa = PBXGroup;
			children = (
				5EE9D2E928635B05000D382F /* Helpers */,
				5EE9D2EA28635B05000D382F /* Modules */,
				5EE9D2B92863596E000D382F /* AppDelegate.swift */,
				5EE9D2C22863596F000D382F /* Assets.xcassets */,
				5EE9D2C42863596F000D382F /* LaunchScreen.storyboard */,
				5EE9D2C72863596F000D382F /* Info.plist */,
			);
			path = CatchTest;
			sourceTree = "<group>";
		};
		5EE9D2CF2863596F000D382F /* CatchTestTests */ = {
			isa = PBXGroup;
			children = (
				5E40737228636BFD005F0270 /* Modules */,
				5EE9D2D02863596F000D382F /* CatchTestTests.swift */,
			);
			path = CatchTestTests;
			sourceTree = "<group>";
		};
		5EE9D2D92863596F000D382F /* CatchTestUITests */ = {
			isa = PBXGroup;
			children = (
				5EE9D2DA2863596F000D382F /* CatchTestUITests.swift */,
				5EE9D2DC2863596F000D382F /* CatchTestUITestsLaunchTests.swift */,
			);
			path = CatchTestUITests;
			sourceTree = "<group>";
		};
		5EE9D2E928635B05000D382F /* Helpers */ = {
			isa = PBXGroup;
			children = (
				5E40734C28635BB6005F0270 /* Closures.swift */,
			);
			path = Helpers;
			sourceTree = "<group>";
		};
		5EE9D2EA28635B05000D382F /* Modules */ = {
			isa = PBXGroup;
			children = (
				5EE9D2EB28635B05000D382F /* Core */,
				5EE9D2EE28635B05000D382F /* Lorems */,
			);
			path = Modules;
			sourceTree = "<group>";
		};
		5EE9D2EB28635B05000D382F /* Core */ = {
			isa = PBXGroup;
			children = (
				5EE9D2EC28635B05000D382F /* Clients */,
			);
			path = Core;
			sourceTree = "<group>";
		};
		5EE9D2EC28635B05000D382F /* Clients */ = {
			isa = PBXGroup;
			children = (
				5EE9D2ED28635B05000D382F /* API */,
			);
			path = Clients;
			sourceTree = "<group>";
		};
		5EE9D2ED28635B05000D382F /* API */ = {
			isa = PBXGroup;
			children = (
				5E40734A28635B97005F0270 /* APIClient.swift */,
			);
			path = API;
			sourceTree = "<group>";
		};
		5EE9D2EE28635B05000D382F /* Lorems */ = {
			isa = PBXGroup;
			children = (
				5EE9D2EF28635B05000D382F /* Clients */,
				5EE9D2FA28635B05000D382F /* Models */,
				5EE9D2FB28635B05000D382F /* Service */,
				5EE9D2F228635B05000D382F /* UI */,
			);
			path = Lorems;
			sourceTree = "<group>";
		};
		5EE9D2EF28635B05000D382F /* Clients */ = {
			isa = PBXGroup;
			children = (
				5EE9D2F028635B05000D382F /* API */,
			);
			path = Clients;
			sourceTree = "<group>";
		};
		5EE9D2F028635B05000D382F /* API */ = {
			isa = PBXGroup;
			children = (
				5EE9D2F128635B05000D382F /* Lorems */,
			);
			path = API;
			sourceTree = "<group>";
		};
		5EE9D2F128635B05000D382F /* Lorems */ = {
			isa = PBXGroup;
			children = (
				5E40735228635C85005F0270 /* APIClient+Lorems.swift */,
				5E40735328635C85005F0270 /* LoremsAPI.swift */,
			);
			path = Lorems;
			sourceTree = "<group>";
		};
		5EE9D2F228635B05000D382F /* UI */ = {
			isa = PBXGroup;
			children = (
				5EE9D2F328635B05000D382F /* Components */,
			);
			path = UI;
			sourceTree = "<group>";
		};
		5EE9D2F328635B05000D382F /* Components */ = {
			isa = PBXGroup;
			children = (
				5EE9D2F428635B05000D382F /* Scenes */,
				5EE9D2F728635B05000D382F /* Views */,
			);
			path = Components;
			sourceTree = "<group>";
		};
		5EE9D2F428635B05000D382F /* Scenes */ = {
			isa = PBXGroup;
			children = (
				5EE9D2F628635B05000D382F /* LoremDetails */,
				5EE9D2F528635B05000D382F /* LoremList */,
			);
			path = Scenes;
			sourceTree = "<group>";
		};
		5EE9D2F528635B05000D382F /* LoremList */ = {
			isa = PBXGroup;
			children = (
				5E40735A28635E49005F0270 /* LoremList.storyboard */,
				5E40735C28635E49005F0270 /* LoremListController.swift */,
				5E40735D28635E49005F0270 /* LoremListViewModel.swift */,
				5E40735B28635E49005F0270 /* LoremListViewModelProtocol.swift */,
			);
			path = LoremList;
			sourceTree = "<group>";
		};
		5EE9D2F628635B05000D382F /* LoremDetails */ = {
			isa = PBXGroup;
			children = (
				5E40736A28636287005F0270 /* LoremDetails.storyboard */,
				5E40736C28636287005F0270 /* LoremDetailsController.swift */,
				5E40736D28636287005F0270 /* LoremDetailsViewModel.swift */,
				5E40736B28636287005F0270 /* LoremDetailsViewModelProtocol.swift */,
			);
			path = LoremDetails;
			sourceTree = "<group>";
		};
		5EE9D2F728635B05000D382F /* Views */ = {
			isa = PBXGroup;
			children = (
				5EE9D2F828635B05000D382F /* Cells */,
				5EFBA8A8286394A8002E4EFC /* CatchRefreshView.xib */,
			);
			path = Views;
			sourceTree = "<group>";
		};
		5EE9D2F828635B05000D382F /* Cells */ = {
			isa = PBXGroup;
			children = (
				5EE9D2F928635B05000D382F /* LoremCell */,
			);
			path = Cells;
			sourceTree = "<group>";
		};
		5EE9D2F928635B05000D382F /* LoremCell */ = {
			isa = PBXGroup;
			children = (
				5E40736328635EEC005F0270 /* LoremCell.swift */,
				5E40736528635EEC005F0270 /* LoremCell.xib */,
				5E40736228635EEC005F0270 /* LoremCellViewModel.swift */,
				5E40736428635EEC005F0270 /* LoremCellViewModelProtocol.swift */,
			);
			path = LoremCell;
			sourceTree = "<group>";
		};
		5EE9D2FA28635B05000D382F /* Models */ = {
			isa = PBXGroup;
			children = (
				5E40735028635BE9005F0270 /* Lorem.swift */,
			);
			path = Models;
			sourceTree = "<group>";
		};
		5EE9D2FB28635B05000D382F /* Service */ = {
			isa = PBXGroup;
			children = (
				5EE9D2FC28635B05000D382F /* Lorems */,
			);
			path = Service;
			sourceTree = "<group>";
		};
		5EE9D2FC28635B05000D382F /* Lorems */ = {
			isa = PBXGroup;
			children = (
				5EFBA8BA2863A1ED002E4EFC /* LoremsService.swift */,
				5EFBA8BB2863A1ED002E4EFC /* LoremsServiceProtocol.swift */,
			);
			path = Lorems;
			sourceTree = "<group>";
		};
		5EFBA8B42863A172002E4EFC /* Services */ = {
			isa = PBXGroup;
			children = (
				5EFBA8B52863A172002E4EFC /* Lorems */,
			);
			path = Services;
			sourceTree = "<group>";
		};
		5EFBA8B52863A172002E4EFC /* Lorems */ = {
			isa = PBXGroup;
			children = (
				5EFBA8B72863A19C002E4EFC /* LoremsServiceTests.swift */,
				5EFBA8B62863A19C002E4EFC /* MockLoremsService.swift */,
			);
			path = Lorems;
			sourceTree = "<group>";
		};
/* End PBXGroup section */

/* Begin PBXNativeTarget section */
		5EE9D2B52863596E000D382F /* CatchTest */ = {
			isa = PBXNativeTarget;
			buildConfigurationList = 5EE9D2E02863596F000D382F /* Build configuration list for PBXNativeTarget "CatchTest" */;
			buildPhases = (
				7EBE8A017827872D081AC69E /* [CP] Check Pods Manifest.lock */,
				5EE9D2B22863596E000D382F /* Sources */,
				5EE9D2B32863596E000D382F /* Frameworks */,
				5EE9D2B42863596E000D382F /* Resources */,
			);
			buildRules = (
			);
			dependencies = (
			);
			name = CatchTest;
			productName = CatchTest;
			productReference = 5EE9D2B62863596E000D382F /* CatchTest.app */;
			productType = "com.apple.product-type.application";
		};
		5EE9D2CB2863596F000D382F /* CatchTestTests */ = {
			isa = PBXNativeTarget;
			buildConfigurationList = 5EE9D2E32863596F000D382F /* Build configuration list for PBXNativeTarget "CatchTestTests" */;
			buildPhases = (
				2DFCBD6455DD612C2DB138F6 /* [CP] Check Pods Manifest.lock */,
				5EE9D2C82863596F000D382F /* Sources */,
				5EE9D2C92863596F000D382F /* Frameworks */,
				5EE9D2CA2863596F000D382F /* Resources */,
			);
			buildRules = (
			);
			dependencies = (
				5EE9D2CE2863596F000D382F /* PBXTargetDependency */,
			);
			name = CatchTestTests;
			productName = CatchTestTests;
			productReference = 5EE9D2CC2863596F000D382F /* CatchTestTests.xctest */;
			productType = "com.apple.product-type.bundle.unit-test";
		};
		5EE9D2D52863596F000D382F /* CatchTestUITests */ = {
			isa = PBXNativeTarget;
			buildConfigurationList = 5EE9D2E62863596F000D382F /* Build configuration list for PBXNativeTarget "CatchTestUITests" */;
			buildPhases = (
				5CF4F4F01D2010B73D18D934 /* [CP] Check Pods Manifest.lock */,
				5EE9D2D22863596F000D382F /* Sources */,
				5EE9D2D32863596F000D382F /* Frameworks */,
				5EE9D2D42863596F000D382F /* Resources */,
			);
			buildRules = (
			);
			dependencies = (
				5EE9D2D82863596F000D382F /* PBXTargetDependency */,
			);
			name = CatchTestUITests;
			productName = CatchTestUITests;
			productReference = 5EE9D2D62863596F000D382F /* CatchTestUITests.xctest */;
			productType = "com.apple.product-type.bundle.ui-testing";
		};
/* End PBXNativeTarget section */

/* Begin PBXProject section */
		5EE9D2AE2863596D000D382F /* Project object */ = {
			isa = PBXProject;
			attributes = {
				BuildIndependentTargetsInParallel = 1;
				LastSwiftUpdateCheck = 1340;
				LastUpgradeCheck = 1340;
				TargetAttributes = {
					5EE9D2B52863596E000D382F = {
						CreatedOnToolsVersion = 13.4;
					};
					5EE9D2CB2863596F000D382F = {
						CreatedOnToolsVersion = 13.4;
						TestTargetID = 5EE9D2B52863596E000D382F;
					};
					5EE9D2D52863596F000D382F = {
						CreatedOnToolsVersion = 13.4;
						TestTargetID = 5EE9D2B52863596E000D382F;
					};
				};
			};
			buildConfigurationList = 5EE9D2B12863596D000D382F /* Build configuration list for PBXProject "CatchTest" */;
			compatibilityVersion = "Xcode 13.0";
			developmentRegion = en;
			hasScannedForEncodings = 0;
			knownRegions = (
				en,
				Base,
			);
			mainGroup = 5EE9D2AD2863596D000D382F;
			productRefGroup = 5EE9D2B72863596E000D382F /* Products */;
			projectDirPath = "";
			projectRoot = "";
			targets = (
				5EE9D2B52863596E000D382F /* CatchTest */,
				5EE9D2CB2863596F000D382F /* CatchTestTests */,
				5EE9D2D52863596F000D382F /* CatchTestUITests */,
			);
		};
/* End PBXProject section */

/* Begin PBXResourcesBuildPhase section */
		5EE9D2B42863596E000D382F /* Resources */ = {
			isa = PBXResourcesBuildPhase;
			buildActionMask = 2147483647;
			files = (
				5EE9D2C62863596F000D382F /* LaunchScreen.storyboard in Resources */,
				5E40736928635EEC005F0270 /* LoremCell.xib in Resources */,
				5EE9D2C32863596F000D382F /* Assets.xcassets in Resources */,
				5E40735E28635E49005F0270 /* LoremList.storyboard in Resources */,
				5EFBA8A9286394A8002E4EFC /* CatchRefreshView.xib in Resources */,
				5E40736E28636287005F0270 /* LoremDetails.storyboard in Resources */,
			);
			runOnlyForDeploymentPostprocessing = 0;
		};
		5EE9D2CA2863596F000D382F /* Resources */ = {
			isa = PBXResourcesBuildPhase;
			buildActionMask = 2147483647;
			files = (
				5E40737A28636C23005F0270 /* LoremsTests_200.json in Resources */,
			);
			runOnlyForDeploymentPostprocessing = 0;
		};
		5EE9D2D42863596F000D382F /* Resources */ = {
			isa = PBXResourcesBuildPhase;
			buildActionMask = 2147483647;
			files = (
			);
			runOnlyForDeploymentPostprocessing = 0;
		};
/* End PBXResourcesBuildPhase section */

/* Begin PBXShellScriptBuildPhase section */
		2DFCBD6455DD612C2DB138F6 /* [CP] Check Pods Manifest.lock */ = {
			isa = PBXShellScriptBuildPhase;
			buildActionMask = 2147483647;
			files = (
			);
			inputFileListPaths = (
			);
			inputPaths = (
				"${PODS_PODFILE_DIR_PATH}/Podfile.lock",
				"${PODS_ROOT}/Manifest.lock",
			);
			name = "[CP] Check Pods Manifest.lock";
			outputFileListPaths = (
			);
			outputPaths = (
				"$(DERIVED_FILE_DIR)/Pods-CatchTestTests-checkManifestLockResult.txt",
			);
			runOnlyForDeploymentPostprocessing = 0;
			shellPath = /bin/sh;
			shellScript = "diff \"${PODS_PODFILE_DIR_PATH}/Podfile.lock\" \"${PODS_ROOT}/Manifest.lock\" > /dev/null\nif [ $? != 0 ] ; then\n    # print error to STDERR\n    echo \"error: The sandbox is not in sync with the Podfile.lock. Run 'pod install' or update your CocoaPods installation.\" >&2\n    exit 1\nfi\n# This output is used by Xcode 'outputs' to avoid re-running this script phase.\necho \"SUCCESS\" > \"${SCRIPT_OUTPUT_FILE_0}\"\n";
			showEnvVarsInLog = 0;
		};
		5CF4F4F01D2010B73D18D934 /* [CP] Check Pods Manifest.lock */ = {
			isa = PBXShellScriptBuildPhase;
			buildActionMask = 2147483647;
			files = (
			);
			inputFileListPaths = (
			);
			inputPaths = (
				"${PODS_PODFILE_DIR_PATH}/Podfile.lock",
				"${PODS_ROOT}/Manifest.lock",
			);
			name = "[CP] Check Pods Manifest.lock";
			outputFileListPaths = (
			);
			outputPaths = (
				"$(DERIVED_FILE_DIR)/Pods-CatchTestUITests-checkManifestLockResult.txt",
			);
			runOnlyForDeploymentPostprocessing = 0;
			shellPath = /bin/sh;
			shellScript = "diff \"${PODS_PODFILE_DIR_PATH}/Podfile.lock\" \"${PODS_ROOT}/Manifest.lock\" > /dev/null\nif [ $? != 0 ] ; then\n    # print error to STDERR\n    echo \"error: The sandbox is not in sync with the Podfile.lock. Run 'pod install' or update your CocoaPods installation.\" >&2\n    exit 1\nfi\n# This output is used by Xcode 'outputs' to avoid re-running this script phase.\necho \"SUCCESS\" > \"${SCRIPT_OUTPUT_FILE_0}\"\n";
			showEnvVarsInLog = 0;
		};
		7EBE8A017827872D081AC69E /* [CP] Check Pods Manifest.lock */ = {
			isa = PBXShellScriptBuildPhase;
			buildActionMask = 2147483647;
			files = (
			);
			inputFileListPaths = (
			);
			inputPaths = (
				"${PODS_PODFILE_DIR_PATH}/Podfile.lock",
				"${PODS_ROOT}/Manifest.lock",
			);
			name = "[CP] Check Pods Manifest.lock";
			outputFileListPaths = (
			);
			outputPaths = (
				"$(DERIVED_FILE_DIR)/Pods-CatchTest-checkManifestLockResult.txt",
			);
			runOnlyForDeploymentPostprocessing = 0;
			shellPath = /bin/sh;
			shellScript = "diff \"${PODS_PODFILE_DIR_PATH}/Podfile.lock\" \"${PODS_ROOT}/Manifest.lock\" > /dev/null\nif [ $? != 0 ] ; then\n    # print error to STDERR\n    echo \"error: The sandbox is not in sync with the Podfile.lock. Run 'pod install' or update your CocoaPods installation.\" >&2\n    exit 1\nfi\n# This output is used by Xcode 'outputs' to avoid re-running this script phase.\necho \"SUCCESS\" > \"${SCRIPT_OUTPUT_FILE_0}\"\n";
			showEnvVarsInLog = 0;
		};
/* End PBXShellScriptBuildPhase section */

/* Begin PBXSourcesBuildPhase section */
		5EE9D2B22863596E000D382F /* Sources */ = {
			isa = PBXSourcesBuildPhase;
			buildActionMask = 2147483647;
			files = (
				5E40736828635EEC005F0270 /* LoremCellViewModelProtocol.swift in Sources */,
				5E40735128635BE9005F0270 /* Lorem.swift in Sources */,
				5E40737128636287005F0270 /* LoremDetailsViewModel.swift in Sources */,
				5EE9D2BA2863596E000D382F /* AppDelegate.swift in Sources */,
				5E40736728635EEC005F0270 /* LoremCell.swift in Sources */,
				5EFBA8BC2863A1ED002E4EFC /* LoremsService.swift in Sources */,
				5E40734D28635BB6005F0270 /* Closures.swift in Sources */,
				5E40736128635E49005F0270 /* LoremListViewModel.swift in Sources */,
				5E40737028636287005F0270 /* LoremDetailsController.swift in Sources */,
				5EFBA8BD2863A1ED002E4EFC /* LoremsServiceProtocol.swift in Sources */,
				5E40735428635C85005F0270 /* APIClient+Lorems.swift in Sources */,
				5E40736628635EEC005F0270 /* LoremCellViewModel.swift in Sources */,
				5E40736028635E49005F0270 /* LoremListController.swift in Sources */,
				5E40735528635C85005F0270 /* LoremsAPI.swift in Sources */,
				5E40736F28636287005F0270 /* LoremDetailsViewModelProtocol.swift in Sources */,
				5E40735F28635E49005F0270 /* LoremListViewModelProtocol.swift in Sources */,
				5E40734B28635B97005F0270 /* APIClient.swift in Sources */,
			);
			runOnlyForDeploymentPostprocessing = 0;
		};
		5EE9D2C82863596F000D382F /* Sources */ = {
			isa = PBXSourcesBuildPhase;
			buildActionMask = 2147483647;
			files = (
				5EE9D2D12863596F000D382F /* CatchTestTests.swift in Sources */,
				5E40737B28636C23005F0270 /* LoremsTests.swift in Sources */,
				5EFBA8B82863A19C002E4EFC /* MockLoremsService.swift in Sources */,
				5EFBA8B92863A19C002E4EFC /* LoremsServiceTests.swift in Sources */,
				5EFBA8B32863A0AE002E4EFC /* MockLoremsAPI.swift in Sources */,
			);
			runOnlyForDeploymentPostprocessing = 0;
		};
		5EE9D2D22863596F000D382F /* Sources */ = {
			isa = PBXSourcesBuildPhase;
			buildActionMask = 2147483647;
			files = (
				5EE9D2DD2863596F000D382F /* CatchTestUITestsLaunchTests.swift in Sources */,
				5EE9D2DB2863596F000D382F /* CatchTestUITests.swift in Sources */,
			);
			runOnlyForDeploymentPostprocessing = 0;
		};
/* End PBXSourcesBuildPhase section */

/* Begin PBXTargetDependency section */
		5EE9D2CE2863596F000D382F /* PBXTargetDependency */ = {
			isa = PBXTargetDependency;
			target = 5EE9D2B52863596E000D382F /* CatchTest */;
			targetProxy = 5EE9D2CD2863596F000D382F /* PBXContainerItemProxy */;
		};
		5EE9D2D82863596F000D382F /* PBXTargetDependency */ = {
			isa = PBXTargetDependency;
			target = 5EE9D2B52863596E000D382F /* CatchTest */;
			targetProxy = 5EE9D2D72863596F000D382F /* PBXContainerItemProxy */;
		};
/* End PBXTargetDependency section */

/* Begin PBXVariantGroup section */
		5EE9D2C42863596F000D382F /* LaunchScreen.storyboard */ = {
			isa = PBXVariantGroup;
			children = (
				5EE9D2C52863596F000D382F /* Base */,
			);
			name = LaunchScreen.storyboard;
			sourceTree = "<group>";
		};
/* End PBXVariantGroup section */

/* Begin XCBuildConfiguration section */
		5EE9D2DE2863596F000D382F /* Debug */ = {
			isa = XCBuildConfiguration;
			buildSettings = {
				ALWAYS_SEARCH_USER_PATHS = NO;
				CLANG_ANALYZER_NONNULL = YES;
				CLANG_ANALYZER_NUMBER_OBJECT_CONVERSION = YES_AGGRESSIVE;
				CLANG_CXX_LANGUAGE_STANDARD = "gnu++17";
				CLANG_ENABLE_MODULES = YES;
				CLANG_ENABLE_OBJC_ARC = YES;
				CLANG_ENABLE_OBJC_WEAK = YES;
				CLANG_WARN_BLOCK_CAPTURE_AUTORELEASING = YES;
				CLANG_WARN_BOOL_CONVERSION = YES;
				CLANG_WARN_COMMA = YES;
				CLANG_WARN_CONSTANT_CONVERSION = YES;
				CLANG_WARN_DEPRECATED_OBJC_IMPLEMENTATIONS = YES;
				CLANG_WARN_DIRECT_OBJC_ISA_USAGE = YES_ERROR;
				CLANG_WARN_DOCUMENTATION_COMMENTS = YES;
				CLANG_WARN_EMPTY_BODY = YES;
				CLANG_WARN_ENUM_CONVERSION = YES;
				CLANG_WARN_INFINITE_RECURSION = YES;
				CLANG_WARN_INT_CONVERSION = YES;
				CLANG_WARN_NON_LITERAL_NULL_CONVERSION = YES;
				CLANG_WARN_OBJC_IMPLICIT_RETAIN_SELF = YES;
				CLANG_WARN_OBJC_LITERAL_CONVERSION = YES;
				CLANG_WARN_OBJC_ROOT_CLASS = YES_ERROR;
				CLANG_WARN_QUOTED_INCLUDE_IN_FRAMEWORK_HEADER = YES;
				CLANG_WARN_RANGE_LOOP_ANALYSIS = YES;
				CLANG_WARN_STRICT_PROTOTYPES = YES;
				CLANG_WARN_SUSPICIOUS_MOVE = YES;
				CLANG_WARN_UNGUARDED_AVAILABILITY = YES_AGGRESSIVE;
				CLANG_WARN_UNREACHABLE_CODE = YES;
				CLANG_WARN__DUPLICATE_METHOD_MATCH = YES;
				COPY_PHASE_STRIP = NO;
				DEBUG_INFORMATION_FORMAT = dwarf;
				ENABLE_STRICT_OBJC_MSGSEND = YES;
				ENABLE_TESTABILITY = YES;
				GCC_C_LANGUAGE_STANDARD = gnu11;
				GCC_DYNAMIC_NO_PIC = NO;
				GCC_NO_COMMON_BLOCKS = YES;
				GCC_OPTIMIZATION_LEVEL = 0;
				GCC_PREPROCESSOR_DEFINITIONS = (
					"DEBUG=1",
					"$(inherited)",
				);
				GCC_WARN_64_TO_32_BIT_CONVERSION = YES;
				GCC_WARN_ABOUT_RETURN_TYPE = YES_ERROR;
				GCC_WARN_UNDECLARED_SELECTOR = YES;
				GCC_WARN_UNINITIALIZED_AUTOS = YES_AGGRESSIVE;
				GCC_WARN_UNUSED_FUNCTION = YES;
				GCC_WARN_UNUSED_VARIABLE = YES;
				IPHONEOS_DEPLOYMENT_TARGET = 13.0;
				MTL_ENABLE_DEBUG_INFO = INCLUDE_SOURCE;
				MTL_FAST_MATH = YES;
				ONLY_ACTIVE_ARCH = YES;
				SDKROOT = iphoneos;
				SWIFT_ACTIVE_COMPILATION_CONDITIONS = DEBUG;
				SWIFT_OPTIMIZATION_LEVEL = "-Onone";
			};
			name = Debug;
		};
		5EE9D2DF2863596F000D382F /* Release */ = {
			isa = XCBuildConfiguration;
			buildSettings = {
				ALWAYS_SEARCH_USER_PATHS = NO;
				CLANG_ANALYZER_NONNULL = YES;
				CLANG_ANALYZER_NUMBER_OBJECT_CONVERSION = YES_AGGRESSIVE;
				CLANG_CXX_LANGUAGE_STANDARD = "gnu++17";
				CLANG_ENABLE_MODULES = YES;
				CLANG_ENABLE_OBJC_ARC = YES;
				CLANG_ENABLE_OBJC_WEAK = YES;
				CLANG_WARN_BLOCK_CAPTURE_AUTORELEASING = YES;
				CLANG_WARN_BOOL_CONVERSION = YES;
				CLANG_WARN_COMMA = YES;
				CLANG_WARN_CONSTANT_CONVERSION = YES;
				CLANG_WARN_DEPRECATED_OBJC_IMPLEMENTATIONS = YES;
				CLANG_WARN_DIRECT_OBJC_ISA_USAGE = YES_ERROR;
				CLANG_WARN_DOCUMENTATION_COMMENTS = YES;
				CLANG_WARN_EMPTY_BODY = YES;
				CLANG_WARN_ENUM_CONVERSION = YES;
				CLANG_WARN_INFINITE_RECURSION = YES;
				CLANG_WARN_INT_CONVERSION = YES;
				CLANG_WARN_NON_LITERAL_NULL_CONVERSION = YES;
				CLANG_WARN_OBJC_IMPLICIT_RETAIN_SELF = YES;
				CLANG_WARN_OBJC_LITERAL_CONVERSION = YES;
				CLANG_WARN_OBJC_ROOT_CLASS = YES_ERROR;
				CLANG_WARN_QUOTED_INCLUDE_IN_FRAMEWORK_HEADER = YES;
				CLANG_WARN_RANGE_LOOP_ANALYSIS = YES;
				CLANG_WARN_STRICT_PROTOTYPES = YES;
				CLANG_WARN_SUSPICIOUS_MOVE = YES;
				CLANG_WARN_UNGUARDED_AVAILABILITY = YES_AGGRESSIVE;
				CLANG_WARN_UNREACHABLE_CODE = YES;
				CLANG_WARN__DUPLICATE_METHOD_MATCH = YES;
				COPY_PHASE_STRIP = NO;
				DEBUG_INFORMATION_FORMAT = "dwarf-with-dsym";
				ENABLE_NS_ASSERTIONS = NO;
				ENABLE_STRICT_OBJC_MSGSEND = YES;
				GCC_C_LANGUAGE_STANDARD = gnu11;
				GCC_NO_COMMON_BLOCKS = YES;
				GCC_WARN_64_TO_32_BIT_CONVERSION = YES;
				GCC_WARN_ABOUT_RETURN_TYPE = YES_ERROR;
				GCC_WARN_UNDECLARED_SELECTOR = YES;
				GCC_WARN_UNINITIALIZED_AUTOS = YES_AGGRESSIVE;
				GCC_WARN_UNUSED_FUNCTION = YES;
				GCC_WARN_UNUSED_VARIABLE = YES;
				IPHONEOS_DEPLOYMENT_TARGET = 13.0;
				MTL_ENABLE_DEBUG_INFO = NO;
				MTL_FAST_MATH = YES;
				SDKROOT = iphoneos;
				SWIFT_COMPILATION_MODE = wholemodule;
				SWIFT_OPTIMIZATION_LEVEL = "-O";
				VALIDATE_PRODUCT = YES;
			};
			name = Release;
		};
		5EE9D2E12863596F000D382F /* Debug */ = {
			isa = XCBuildConfiguration;
			baseConfigurationReference = 79600C84EC70A228932B2C84 /* Pods-CatchTest.debug.xcconfig */;
			buildSettings = {
				ASSETCATALOG_COMPILER_APPICON_NAME = AppIcon;
				ASSETCATALOG_COMPILER_GLOBAL_ACCENT_COLOR_NAME = AccentColor;
				CODE_SIGN_STYLE = Manual;
				CURRENT_PROJECT_VERSION = 1;
				DEVELOPMENT_TEAM = "";
				"EXCLUDED_ARCHS[sdk=iphonesimulator*]" = arm64;
				GENERATE_INFOPLIST_FILE = YES;
				INFOPLIST_FILE = CatchTest/Info.plist;
				INFOPLIST_KEY_UIApplicationSupportsIndirectInputEvents = YES;
				INFOPLIST_KEY_UILaunchStoryboardName = LaunchScreen;
				INFOPLIST_KEY_UIMainStoryboardFile = LoremList;
				INFOPLIST_KEY_UISupportedInterfaceOrientations_iPad = "UIInterfaceOrientationPortrait UIInterfaceOrientationPortraitUpsideDown UIInterfaceOrientationLandscapeLeft UIInterfaceOrientationLandscapeRight";
				INFOPLIST_KEY_UISupportedInterfaceOrientations_iPhone = "UIInterfaceOrientationPortrait UIInterfaceOrientationLandscapeLeft UIInterfaceOrientationLandscapeRight";
				LD_RUNPATH_SEARCH_PATHS = (
					"$(inherited)",
					"@executable_path/Frameworks",
				);
				MARKETING_VERSION = 1.0.0;
				PRODUCT_BUNDLE_IDENTIFIER = com.dumadapat.adonis.CatchTest;
				PRODUCT_NAME = "$(TARGET_NAME)";
				PROVISIONING_PROFILE_SPECIFIER = "";
				SWIFT_EMIT_LOC_STRINGS = YES;
				SWIFT_VERSION = 5.0;
				TARGETED_DEVICE_FAMILY = "1,2";
			};
			name = Debug;
		};
		5EE9D2E22863596F000D382F /* Release */ = {
			isa = XCBuildConfiguration;
			baseConfigurationReference = 631F71800B10FFD878A3679A /* Pods-CatchTest.release.xcconfig */;
			buildSettings = {
				ASSETCATALOG_COMPILER_APPICON_NAME = AppIcon;
				ASSETCATALOG_COMPILER_GLOBAL_ACCENT_COLOR_NAME = AccentColor;
				CODE_SIGN_STYLE = Manual;
				CURRENT_PROJECT_VERSION = 1;
				DEVELOPMENT_TEAM = "";
				"EXCLUDED_ARCHS[sdk=iphonesimulator*]" = arm64;
				GENERATE_INFOPLIST_FILE = YES;
				INFOPLIST_FILE = CatchTest/Info.plist;
				INFOPLIST_KEY_UIApplicationSupportsIndirectInputEvents = YES;
				INFOPLIST_KEY_UILaunchStoryboardName = LaunchScreen;
				INFOPLIST_KEY_UIMainStoryboardFile = LoremList;
				INFOPLIST_KEY_UISupportedInterfaceOrientations_iPad = "UIInterfaceOrientationPortrait UIInterfaceOrientationPortraitUpsideDown UIInterfaceOrientationLandscapeLeft UIInterfaceOrientationLandscapeRight";
				INFOPLIST_KEY_UISupportedInterfaceOrientations_iPhone = "UIInterfaceOrientationPortrait UIInterfaceOrientationLandscapeLeft UIInterfaceOrientationLandscapeRight";
				LD_RUNPATH_SEARCH_PATHS = (
					"$(inherited)",
					"@executable_path/Frameworks",
				);
				MARKETING_VERSION = 1.0.0;
				PRODUCT_BUNDLE_IDENTIFIER = com.dumadapat.adonis.CatchTest;
				PRODUCT_NAME = "$(TARGET_NAME)";
				PROVISIONING_PROFILE_SPECIFIER = "";
				SWIFT_EMIT_LOC_STRINGS = YES;
				SWIFT_VERSION = 5.0;
				TARGETED_DEVICE_FAMILY = "1,2";
			};
			name = Release;
		};
		5EE9D2E42863596F000D382F /* Debug */ = {
			isa = XCBuildConfiguration;
			baseConfigurationReference = ED8DA2AC6BCC71FA1FEE36FC /* Pods-CatchTestTests.debug.xcconfig */;
			buildSettings = {
				ALWAYS_EMBED_SWIFT_STANDARD_LIBRARIES = YES;
				BUNDLE_LOADER = "$(TEST_HOST)";
				CODE_SIGN_STYLE = Automatic;
				CURRENT_PROJECT_VERSION = 1;
				GENERATE_INFOPLIST_FILE = YES;
				IPHONEOS_DEPLOYMENT_TARGET = 13.0;
				MARKETING_VERSION = 1.0;
				PRODUCT_BUNDLE_IDENTIFIER = com.dumadapat.adonis.CatchTestTests;
				PRODUCT_NAME = "$(TARGET_NAME)";
				SWIFT_EMIT_LOC_STRINGS = NO;
				SWIFT_VERSION = 5.0;
				TARGETED_DEVICE_FAMILY = "1,2";
				TEST_HOST = "$(BUILT_PRODUCTS_DIR)/CatchTest.app/CatchTest";
			};
			name = Debug;
		};
		5EE9D2E52863596F000D382F /* Release */ = {
			isa = XCBuildConfiguration;
			baseConfigurationReference = ADC2DE532449ACB94E66B176 /* Pods-CatchTestTests.release.xcconfig */;
			buildSettings = {
				ALWAYS_EMBED_SWIFT_STANDARD_LIBRARIES = YES;
				BUNDLE_LOADER = "$(TEST_HOST)";
				CODE_SIGN_STYLE = Automatic;
				CURRENT_PROJECT_VERSION = 1;
				GENERATE_INFOPLIST_FILE = YES;
				IPHONEOS_DEPLOYMENT_TARGET = 13.0;
				MARKETING_VERSION = 1.0;
				PRODUCT_BUNDLE_IDENTIFIER = com.dumadapat.adonis.CatchTestTests;
				PRODUCT_NAME = "$(TARGET_NAME)";
				SWIFT_EMIT_LOC_STRINGS = NO;
				SWIFT_VERSION = 5.0;
				TARGETED_DEVICE_FAMILY = "1,2";
				TEST_HOST = "$(BUILT_PRODUCTS_DIR)/CatchTest.app/CatchTest";
			};
			name = Release;
		};
		5EE9D2E72863596F000D382F /* Debug */ = {
			isa = XCBuildConfiguration;
			baseConfigurationReference = F60EFC654F1BDD9AA41EAF45 /* Pods-CatchTestUITests.debug.xcconfig */;
			buildSettings = {
				ALWAYS_EMBED_SWIFT_STANDARD_LIBRARIES = YES;
				CODE_SIGN_STYLE = Automatic;
				CURRENT_PROJECT_VERSION = 1;
				GENERATE_INFOPLIST_FILE = YES;
				MARKETING_VERSION = 1.0;
				PRODUCT_BUNDLE_IDENTIFIER = com.dumadapat.adonis.CatchTestUITests;
				PRODUCT_NAME = "$(TARGET_NAME)";
				SWIFT_EMIT_LOC_STRINGS = NO;
				SWIFT_VERSION = 5.0;
				TARGETED_DEVICE_FAMILY = "1,2";
				TEST_TARGET_NAME = CatchTest;
			};
			name = Debug;
		};
		5EE9D2E82863596F000D382F /* Release */ = {
			isa = XCBuildConfiguration;
			baseConfigurationReference = 37560B1722C0C70B5285DF1A /* Pods-CatchTestUITests.release.xcconfig */;
			buildSettings = {
				ALWAYS_EMBED_SWIFT_STANDARD_LIBRARIES = YES;
				CODE_SIGN_STYLE = Automatic;
				CURRENT_PROJECT_VERSION = 1;
				GENERATE_INFOPLIST_FILE = YES;
				MARKETING_VERSION = 1.0;
				PRODUCT_BUNDLE_IDENTIFIER = com.dumadapat.adonis.CatchTestUITests;
				PRODUCT_NAME = "$(TARGET_NAME)";
				SWIFT_EMIT_LOC_STRINGS = NO;
				SWIFT_VERSION = 5.0;
				TARGETED_DEVICE_FAMILY = "1,2";
				TEST_TARGET_NAME = CatchTest;
			};
			name = Release;
		};
/* End XCBuildConfiguration section */

/* Begin XCConfigurationList section */
		5EE9D2B12863596D000D382F /* Build configuration list for PBXProject "CatchTest" */ = {
			isa = XCConfigurationList;
			buildConfigurations = (
				5EE9D2DE2863596F000D382F /* Debug */,
				5EE9D2DF2863596F000D382F /* Release */,
			);
			defaultConfigurationIsVisible = 0;
			defaultConfigurationName = Release;
		};
		5EE9D2E02863596F000D382F /* Build configuration list for PBXNativeTarget "CatchTest" */ = {
			isa = XCConfigurationList;
			buildConfigurations = (
				5EE9D2E12863596F000D382F /* Debug */,
				5EE9D2E22863596F000D382F /* Release */,
			);
			defaultConfigurationIsVisible = 0;
			defaultConfigurationName = Release;
		};
		5EE9D2E32863596F000D382F /* Build configuration list for PBXNativeTarget "CatchTestTests" */ = {
			isa = XCConfigurationList;
			buildConfigurations = (
				5EE9D2E42863596F000D382F /* Debug */,
				5EE9D2E52863596F000D382F /* Release */,
			);
			defaultConfigurationIsVisible = 0;
			defaultConfigurationName = Release;
		};
		5EE9D2E62863596F000D382F /* Build configuration list for PBXNativeTarget "CatchTestUITests" */ = {
			isa = XCConfigurationList;
			buildConfigurations = (
				5EE9D2E72863596F000D382F /* Debug */,
				5EE9D2E82863596F000D382F /* Release */,
			);
			defaultConfigurationIsVisible = 0;
			defaultConfigurationName = Release;
		};
/* End XCConfigurationList section */
	};
	rootObject = 5EE9D2AE2863596D000D382F /* Project object */;
}
